
Microsoft Visual Studio Solution File, Format Version 12.00
# Visual Studio Version 16
VisualStudioVersion = 16.0.31019.35
MinimumVisualStudioVersion = 10.0.40219.1
Project("{2150E333-8FDC-42A3-9474-1A3956D46DE8}") = "Services", "Services", "{BA240A15-DD99-4C68-AFB4-195A1B3A83C4}"
EndProject
Project("{2150E333-8FDC-42A3-9474-1A3956D46DE8}") = "Catalog", "Catalog", "{DD394175-6742-4842-9068-FD2F0904C9DA}"
EndProject
Project("{9A19103F-16F7-4668-BE54-9A1E7A4F7556}") = "Catalog.API", "Services\Catalog\Catalog.API\Catalog.API.csproj", "{B0919427-7D51-468B-B742-86FF62720B71}"
EndProject
Project("{E53339B2-1760-4266-BCC7-CA923CBCF16C}") = "docker-compose", "docker-compose.dcproj", "{A49A6DAF-C193-4618-91B9-E4A61605F184}"
EndProject
Project("{2150E333-8FDC-42A3-9474-1A3956D46DE8}") = "Basket", "Basket", "{E2DEBB64-44CF-4820-A2FB-91733061B5AC}"
EndProject
Project("{FAE04EC0-301F-11D3-BF4B-00C04F79EFBC}") = "Basket.Api", "services\Basket\Basket.Api\Basket.Api.csproj", "{51DE3563-9420-4B36-9F9D-F7877402B55E}"
EndProject
Global
	GlobalSection(SolutionConfigurationPlatforms) = preSolution
		Debug|Any CPU = Debug|Any CPU
		Release|Any CPU = Release|Any CPU
	EndGlobalSection
	GlobalSection(ProjectConfigurationPlatforms) = postSolution
		{B0919427-7D51-468B-B742-86FF62720B71}.Debug|Any CPU.ActiveCfg = Debug|Any CPU
		{B0919427-7D51-468B-B742-86FF62720B71}.Debug|Any CPU.Build.0 = Debug|Any CPU
		{B0919427-7D51-468B-B742-86FF62720B71}.Release|Any CPU.ActiveCfg = Release|Any CPU
		{B0919427-7D51-468B-B742-86FF62720B71}.Release|Any CPU.Build.0 = Release|Any CPU
		{A49A6DAF-C193-4618-91B9-E4A61605F184}.Debug|Any CPU.ActiveCfg = Debug|Any CPU
		{A49A6DAF-C193-4618-91B9-E4A61605F184}.Debug|Any CPU.Build.0 = Debug|Any CPU
		{A49A6DAF-C193-4618-91B9-E4A61605F184}.Release|Any CPU.ActiveCfg = Release|Any CPU
		{A49A6DAF-C193-4618-91B9-E4A61605F184}.Release|Any CPU.Build.0 = Release|Any CPU
		{51DE3563-9420-4B36-9F9D-F7877402B55E}.Debug|Any CPU.ActiveCfg = Debug|Any CPU
		{51DE3563-9420-4B36-9F9D-F7877402B55E}.Debug|Any CPU.Build.0 = Debug|Any CPU
		{51DE3563-9420-4B36-9F9D-F7877402B55E}.Release|Any CPU.ActiveCfg = Release|Any CPU
		{51DE3563-9420-4B36-9F9D-F7877402B55E}.Release|Any CPU.Build.0 = Release|Any CPU
	EndGlobalSection
	GlobalSection(SolutionProperties) = preSolution
		HideSolutionNode = FALSE
	EndGlobalSection
	GlobalSection(NestedProjects) = preSolution
		{DD394175-6742-4842-9068-FD2F0904C9DA} = {BA240A15-DD99-4C68-AFB4-195A1B3A83C4}
		{B0919427-7D51-468B-B742-86FF62720B71} = {DD394175-6742-4842-9068-FD2F0904C9DA}
		{E2DEBB64-44CF-4820-A2FB-91733061B5AC} = {BA240A15-DD99-4C68-AFB4-195A1B3A83C4}
		{51DE3563-9420-4B36-9F9D-F7877402B55E} = {E2DEBB64-44CF-4820-A2FB-91733061B5AC}
	EndGlobalSection
	GlobalSection(ExtensibilityGlobals) = postSolution
		SolutionGuid = {BFF23FB2-B77E-4306-9AC9-1F46E6D31C06}
	EndGlobalSection
EndGlobal
